
Microsoft Visual Studio Solution File, Format Version 12.00
# Visual Studio 15
VisualStudioVersion = 15.0.27703.2035
MinimumVisualStudioVersion = 10.0.40219.1
Project("{9A19103F-16F7-4668-BE54-9A1E7A4F7556}") = "GuidFromStringAnalyzer", "GuidFromStringAnalyzer\GuidFromStringAnalyzer.csproj", "{D9D3FDF1-ED6C-4FCD-B78D-A9161C93DE76}"
EndProject
Project("{9A19103F-16F7-4668-BE54-9A1E7A4F7556}") = "GuidFromStringAnalyzer.Test", "GuidFromStringAnalyzer.Tests\GuidFromStringAnalyzer.Tests.csproj", "{11649E09-8950-435F-AB5D-29978D546BEF}"
EndProject
Project("{FAE04EC0-301F-11D3-BF4B-00C04F79EFBC}") = "GuidFromStringAnalyzer.Vsix", "GuidFromStringAnalyzer.Vsix\GuidFromStringAnalyzer.Vsix.csproj", "{2285BB1B-10F2-4161-946C-D4F1A50577E4}"
EndProject
Global
	GlobalSection(SolutionConfigurationPlatforms) = preSolution
		Debug|Any CPU = Debug|Any CPU
		Release|Any CPU = Release|Any CPU
	EndGlobalSection
	GlobalSection(ProjectConfigurationPlatforms) = postSolution
		{D9D3FDF1-ED6C-4FCD-B78D-A9161C93DE76}.Debug|Any CPU.ActiveCfg = Debug|Any CPU
		{D9D3FDF1-ED6C-4FCD-B78D-A9161C93DE76}.Debug|Any CPU.Build.0 = Debug|Any CPU
		{D9D3FDF1-ED6C-4FCD-B78D-A9161C93DE76}.Release|Any CPU.ActiveCfg = Release|Any CPU
		{D9D3FDF1-ED6C-4FCD-B78D-A9161C93DE76}.Release|Any CPU.Build.0 = Release|Any CPU
		{11649E09-8950-435F-AB5D-29978D546BEF}.Debug|Any CPU.ActiveCfg = Debug|Any CPU
		{11649E09-8950-435F-AB5D-29978D546BEF}.Debug|Any CPU.Build.0 = Debug|Any CPU
		{11649E09-8950-435F-AB5D-29978D546BEF}.Release|Any CPU.ActiveCfg = Release|Any CPU
		{11649E09-8950-435F-AB5D-29978D546BEF}.Release|Any CPU.Build.0 = Release|Any CPU
		{2285BB1B-10F2-4161-946C-D4F1A50577E4}.Debug|Any CPU.ActiveCfg = Debug|Any CPU
		{2285BB1B-10F2-4161-946C-D4F1A50577E4}.Debug|Any CPU.Build.0 = Debug|Any CPU
		{2285BB1B-10F2-4161-946C-D4F1A50577E4}.Release|Any CPU.ActiveCfg = Release|Any CPU
		{2285BB1B-10F2-4161-946C-D4F1A50577E4}.Release|Any CPU.Build.0 = Release|Any CPU
	EndGlobalSection
	GlobalSection(SolutionProperties) = preSolution
		HideSolutionNode = FALSE
	EndGlobalSection
	GlobalSection(ExtensibilityGlobals) = postSolution
		SolutionGuid = {A52F6022-E65A-414B-9C06-07A75ACF5387}
	EndGlobalSection
EndGlobal
